dependencies:
- name: prometheus-operator
  repository: https://kubernetes-charts.storage.googleapis.com/
  version: 5.7.0
- name: fluentd-cloudwatch
  repository: https://kubernetes-charts-incubator.storage.googleapis.com/
  version: 0.6.4
- name: concourse
  repository: https://kubernetes-charts.storage.googleapis.com/
  version: 6.4.1
- name: kiam
  repository: https://kubernetes-charts.storage.googleapis.com/
  version: 2.2.5
- name: harbor
  repository: https://helm.goharbor.io/
  version: 1.1.0
digest: sha256:dfa4afc3eddc4c8a2085557e46306305837fbb13f6a60fcfa1692c7a8829e603
generated: 2019-06-19T19:00:53.536689+01:00
